
Microsoft Visual Studio Solution File, Format Version 12.00
# Visual Studio Version 17
VisualStudioVersion = 17.5.33530.505
MinimumVisualStudioVersion = 10.0.40219.1
Project("{9A19103F-16F7-4668-BE54-9A1E7A4F7556}") = "NeatMapper", "src\NeatMapper\NeatMapper.csproj", "{85B6709D-BE31-4AE8-B3DA-3B4354B9B091}"
EndProject
Project("{9A19103F-16F7-4668-BE54-9A1E7A4F7556}") = "NeatMapper.Tests", "tests\NeatMapper.Tests\NeatMapper.Tests.csproj", "{FBD19EAA-E57C-4D8E-ACDD-9AADDD1A510B}"
EndProject
Project("{2150E333-8FDC-42A3-9474-1A3956D46DE8}") = "Solution Items", "Solution Items", "{51F07181-2F60-4B0C-8C55-5FA86811D861}"
	ProjectSection(SolutionItems) = preProject
		.editorconfig = .editorconfig
		Directory.Build.props = Directory.Build.props
	EndProjectSection
EndProject
Project("{9A19103F-16F7-4668-BE54-9A1E7A4F7556}") = "NeatMapper.EntityFrameworkCore", "src\NeatMapper.EntityFrameworkCore\NeatMapper.EntityFrameworkCore.csproj", "{451EB7D4-1B8F-4C28-ADFB-9C2CD4D10238}"
EndProject
Project("{9A19103F-16F7-4668-BE54-9A1E7A4F7556}") = "NeatMapper.EntityFrameworkCore.Tests", "tests\NeatMapper.EntityFrameworkCore.Tests\NeatMapper.EntityFrameworkCore.Tests.csproj", "{82BAA0C8-230A-4A76-8B78-85C7798A8717}"
EndProject
Project("{9A19103F-16F7-4668-BE54-9A1E7A4F7556}") = "NeatMapper.Analyzers", "src\NeatMapper.Analyzers\NeatMapper.Analyzers.csproj", "{53EE5052-1A80-4CBC-9E68-97A4C5F28B9C}"
EndProject
Project("{9A19103F-16F7-4668-BE54-9A1E7A4F7556}") = "NeatMapper.Analyzers.Vsix", "src\NeatMapper.Analyzers.Vsix\NeatMapper.Analyzers.Vsix.csproj", "{F0BEC814-7965-40DB-8CB5-3C832F4BC3D5}"
EndProject
Project("{9A19103F-16F7-4668-BE54-9A1E7A4F7556}") = "NeatMapper.Analyzers.Tests", "tests\NeatMapper.Analyzers.Tests\NeatMapper.Analyzers.Tests.csproj", "{D670753D-AE9E-40FD-8CFE-B3FE6F870231}"
EndProject
Global
	GlobalSection(SolutionConfigurationPlatforms) = preSolution
		Debug|Any CPU = Debug|Any CPU
		Release|Any CPU = Release|Any CPU
	EndGlobalSection
	GlobalSection(ProjectConfigurationPlatforms) = postSolution
		{85B6709D-BE31-4AE8-B3DA-3B4354B9B091}.Debug|Any CPU.ActiveCfg = Debug|Any CPU
		{85B6709D-BE31-4AE8-B3DA-3B4354B9B091}.Debug|Any CPU.Build.0 = Debug|Any CPU
		{85B6709D-BE31-4AE8-B3DA-3B4354B9B091}.Release|Any CPU.ActiveCfg = Release|Any CPU
		{85B6709D-BE31-4AE8-B3DA-3B4354B9B091}.Release|Any CPU.Build.0 = Release|Any CPU
		{FBD19EAA-E57C-4D8E-ACDD-9AADDD1A510B}.Debug|Any CPU.ActiveCfg = Debug|Any CPU
		{FBD19EAA-E57C-4D8E-ACDD-9AADDD1A510B}.Debug|Any CPU.Build.0 = Debug|Any CPU
		{FBD19EAA-E57C-4D8E-ACDD-9AADDD1A510B}.Release|Any CPU.ActiveCfg = Release|Any CPU
		{FBD19EAA-E57C-4D8E-ACDD-9AADDD1A510B}.Release|Any CPU.Build.0 = Release|Any CPU
		{451EB7D4-1B8F-4C28-ADFB-9C2CD4D10238}.Debug|Any CPU.ActiveCfg = Debug|Any CPU
		{451EB7D4-1B8F-4C28-ADFB-9C2CD4D10238}.Debug|Any CPU.Build.0 = Debug|Any CPU
		{451EB7D4-1B8F-4C28-ADFB-9C2CD4D10238}.Release|Any CPU.ActiveCfg = Release|Any CPU
		{451EB7D4-1B8F-4C28-ADFB-9C2CD4D10238}.Release|Any CPU.Build.0 = Release|Any CPU
		{82BAA0C8-230A-4A76-8B78-85C7798A8717}.Debug|Any CPU.ActiveCfg = Debug|Any CPU
		{82BAA0C8-230A-4A76-8B78-85C7798A8717}.Debug|Any CPU.Build.0 = Debug|Any CPU
		{82BAA0C8-230A-4A76-8B78-85C7798A8717}.Release|Any CPU.ActiveCfg = Release|Any CPU
		{82BAA0C8-230A-4A76-8B78-85C7798A8717}.Release|Any CPU.Build.0 = Release|Any CPU
		{53EE5052-1A80-4CBC-9E68-97A4C5F28B9C}.Debug|Any CPU.ActiveCfg = Debug|Any CPU
		{53EE5052-1A80-4CBC-9E68-97A4C5F28B9C}.Debug|Any CPU.Build.0 = Debug|Any CPU
		{53EE5052-1A80-4CBC-9E68-97A4C5F28B9C}.Release|Any CPU.ActiveCfg = Release|Any CPU
		{53EE5052-1A80-4CBC-9E68-97A4C5F28B9C}.Release|Any CPU.Build.0 = Release|Any CPU
		{F0BEC814-7965-40DB-8CB5-3C832F4BC3D5}.Debug|Any CPU.ActiveCfg = Debug|Any CPU
		{F0BEC814-7965-40DB-8CB5-3C832F4BC3D5}.Release|Any CPU.ActiveCfg = Release|Any CPU
		{D670753D-AE9E-40FD-8CFE-B3FE6F870231}.Debug|Any CPU.ActiveCfg = Debug|Any CPU
		{D670753D-AE9E-40FD-8CFE-B3FE6F870231}.Debug|Any CPU.Build.0 = Debug|Any CPU
		{D670753D-AE9E-40FD-8CFE-B3FE6F870231}.Release|Any CPU.ActiveCfg = Release|Any CPU
		{D670753D-AE9E-40FD-8CFE-B3FE6F870231}.Release|Any CPU.Build.0 = Release|Any CPU
	EndGlobalSection
	GlobalSection(SolutionProperties) = preSolution
		HideSolutionNode = FALSE
	EndGlobalSection
	GlobalSection(ExtensibilityGlobals) = postSolution
		SolutionGuid = {4CA409D6-80E0-44B8-849F-FC10D4BCE178}
	EndGlobalSection
EndGlobal
